
Microsoft Visual Studio Solution File, Format Version 12.00
# Visual Studio 15
VisualStudioVersion = 15.0.28010.2026
MinimumVisualStudioVersion = 10.0.40219.1
Project("{8BC9CEB8-8B4A-11D0-8D11-00A0C91BC942}") = "ConsoleApplication5", "ConsoleApplication5\ConsoleApplication5.vcxproj", "{9F7AC3D6-4FAD-4827-A3D4-722AF2D1A174}"
EndProject
Project("{8BC9CEB8-8B4A-11D0-8D11-00A0C91BC942}") = "lab2massive", "lab2massive\lab2massive.vcxproj", "{85C939C8-CC44-4B08-8221-1FDA75C5164D}"
EndProject
Project("{8BC9CEB8-8B4A-11D0-8D11-00A0C91BC942}") = "lab3", "lab3\lab3.vcxproj", "{C4EA9179-8536-4A5A-BD76-E510E95A6E3D}"
EndProject
Project("{8BC9CEB8-8B4A-11D0-8D11-00A0C91BC942}") = "lab5", "lab5\lab5.vcxproj", "{31900981-02D9-4CE0-93C8-2C7E7662F8C2}"
EndProject
Project("{8BC9CEB8-8B4A-11D0-8D11-00A0C91BC942}") = "caesar", "caesar\caesar.vcxproj", "{A0CEE30C-827A-4559-A91B-A81FD8977844}"
EndProject
Project("{8BC9CEB8-8B4A-11D0-8D11-00A0C91BC942}") = "bubbles", "bubbles\bubbles.vcxproj", "{730A882A-9BBC-420F-BCC3-533698FB5314}"
EndProject
Project("{8BC9CEB8-8B4A-11D0-8D11-00A0C91BC942}") = "shaker", "shaker\shaker.vcxproj", "{56E212A8-A493-46A3-AC60-B40B6CD9A293}"
EndProject
Project("{8BC9CEB8-8B4A-11D0-8D11-00A0C91BC942}") = "lab6", "lab6\lab6.vcxproj", "{D17FC41E-6929-4280-9151-B2CAAFE330F0}"
EndProject
Project("{8BC9CEB8-8B4A-11D0-8D11-00A0C91BC942}") = "lab7", "lab7\lab7.vcxproj", "{9691FFD8-4A64-438E-93E8-9C9C0B8B1E34}"
EndProject
Project("{8BC9CEB8-8B4A-11D0-8D11-00A0C91BC942}") = "matrix", "matrix\matrix.vcxproj", "{E9A98E6E-4EA5-4832-A529-3A2A91842388}"
EndProject
Project("{8BC9CEB8-8B4A-11D0-8D11-00A0C91BC942}") = "lab8", "lab8\lab8.vcxproj", "{96F394AA-BB0C-4AFE-9A87-E7A80FAB2BDC}"
EndProject
Project("{8BC9CEB8-8B4A-11D0-8D11-00A0C91BC942}") = "dmatrix", "dmatrix\dmatrix.vcxproj", "{21FA70DA-12D4-4603-AC02-AC0FDA55DB73}"
EndProject
Project("{8BC9CEB8-8B4A-11D0-8D11-00A0C91BC942}") = "lab9", "lab9\lab9.vcxproj", "{F80DD8FA-D135-4D09-BF5C-159B98FB9B3B}"
EndProject
Project("{8BC9CEB8-8B4A-11D0-8D11-00A0C91BC942}") = "lab10", "lab10\lab10.vcxproj", "{0C75D7F2-2E95-4F9A-9726-709B957F7698}"
EndProject
Project("{8BC9CEB8-8B4A-11D0-8D11-00A0C91BC942}") = "lab12dll", "lab12dll\lab12dll.vcxproj", "{CB27DE8F-9070-466F-9DD5-6C55414CF04F}"
EndProject
Project("{8BC9CEB8-8B4A-11D0-8D11-00A0C91BC942}") = "lab12", "lab12\lab12.vcxproj", "{586DB7A3-8F45-4736-8F41-46712D33FC15}"
EndProject
Project("{8BC9CEB8-8B4A-11D0-8D11-00A0C91BC942}") = "lab11", "lablib\lablib.vcxproj", "{DE504617-C800-4DAD-B684-717348037018}"
EndProject
Project("{8BC9CEB8-8B4A-11D0-8D11-00A0C91BC942}") = "lab13", "lab13\lab13.vcxproj", "{49175864-A4DA-49B3-9F3A-1C68D97EA970}"
EndProject
Project("{8BC9CEB8-8B4A-11D0-8D11-00A0C91BC942}") = "lab14", "lab14\lab14.vcxproj", "{34E5A61A-7408-46BB-B776-2FB7A86F5394}"
EndProject
Project("{8BC9CEB8-8B4A-11D0-8D11-00A0C91BC942}") = "lab15", "lab15\lab15.vcxproj", "{60926A57-A0ED-4171-81A5-4522CC143C86}"
EndProject
Project("{8BC9CEB8-8B4A-11D0-8D11-00A0C91BC942}") = "lab16", "lab16\lab16.vcxproj", "{A6F3E66E-8119-4439-8AF5-62C579B40264}"
EndProject
Project("{8BC9CEB8-8B4A-11D0-8D11-00A0C91BC942}") = "lab16zadanie", "lab16zadanie\lab16zadanie.vcxproj", "{18F3AB7A-A668-495A-A318-BA7A5441D31D}"
EndProject
Project("{8BC9CEB8-8B4A-11D0-8D11-00A0C91BC942}") = "OpenCV", "OpenCV\OpenCV.vcxproj", "{93CAC1AD-0F94-4CB1-885A-55277E5D0019}"
EndProject
Project("{8BC9CEB8-8B4A-11D0-8D11-00A0C91BC942}") = "probnik", "probnik\probnik.vcxproj", "{A160D8F0-4746-4F2F-A0F4-D98D6BC3E615}"
EndProject
Project("{8BC9CEB8-8B4A-11D0-8D11-00A0C91BC942}") = "vectors1", "vectors1\vectors1.vcxproj", "{96F8BAE3-9413-4CE0-8034-718D688DF8EE}"
EndProject
Project("{8BC9CEB8-8B4A-11D0-8D11-00A0C91BC942}") = "OPENSSL", "OPENSSL\OPENSSL.vcxproj", "{06B2E3B2-1573-456A-9848-F10CA3BADD88}"
EndProject
Project("{8BC9CEB8-8B4A-11D0-8D11-00A0C91BC942}") = "proba", "proba\proba.vcxproj", "{E4692F77-782A-4497-A277-54A49E142941}"
EndProject
Project("{8BC9CEB8-8B4A-11D0-8D11-00A0C91BC942}") = "derevo", "derevo\derevo.vcxproj", "{F02A77C9-ABE1-4072-8E02-E7BFB96819EA}"
EndProject
Project("{8BC9CEB8-8B4A-11D0-8D11-00A0C91BC942}") = "openssl2", "openssl2\openssl2.vcxproj", "{8E9B2262-3FC2-4F7F-B4BC-E0DA402F1713}"
EndProject
Project("{8BC9CEB8-8B4A-11D0-8D11-00A0C91BC942}") = "d2", "d2\d2.vcxproj", "{5B96F356-8BE4-44E6-8983-957556BBF976}"
EndProject
Global
	GlobalSection(SolutionConfigurationPlatforms) = preSolution
		Debug|x64 = Debug|x64
		Debug|x86 = Debug|x86
		Release|x64 = Release|x64
		Release|x86 = Release|x86
	EndGlobalSection
	GlobalSection(ProjectConfigurationPlatforms) = postSolution
		{9F7AC3D6-4FAD-4827-A3D4-722AF2D1A174}.Debug|x64.ActiveCfg = Debug|x64
		{9F7AC3D6-4FAD-4827-A3D4-722AF2D1A174}.Debug|x64.Build.0 = Debug|x64
		{9F7AC3D6-4FAD-4827-A3D4-722AF2D1A174}.Debug|x86.ActiveCfg = Debug|Win32
		{9F7AC3D6-4FAD-4827-A3D4-722AF2D1A174}.Debug|x86.Build.0 = Debug|Win32
		{9F7AC3D6-4FAD-4827-A3D4-722AF2D1A174}.Release|x64.ActiveCfg = Release|x64
		{9F7AC3D6-4FAD-4827-A3D4-722AF2D1A174}.Release|x64.Build.0 = Release|x64
		{9F7AC3D6-4FAD-4827-A3D4-722AF2D1A174}.Release|x86.ActiveCfg = Release|Win32
		{9F7AC3D6-4FAD-4827-A3D4-722AF2D1A174}.Release|x86.Build.0 = Release|Win32
		{85C939C8-CC44-4B08-8221-1FDA75C5164D}.Debug|x64.ActiveCfg = Debug|x64
		{85C939C8-CC44-4B08-8221-1FDA75C5164D}.Debug|x64.Build.0 = Debug|x64
		{85C939C8-CC44-4B08-8221-1FDA75C5164D}.Debug|x86.ActiveCfg = Debug|Win32
		{85C939C8-CC44-4B08-8221-1FDA75C5164D}.Debug|x86.Build.0 = Debug|Win32
		{85C939C8-CC44-4B08-8221-1FDA75C5164D}.Release|x64.ActiveCfg = Release|x64
		{85C939C8-CC44-4B08-8221-1FDA75C5164D}.Release|x64.Build.0 = Release|x64
		{85C939C8-CC44-4B08-8221-1FDA75C5164D}.Release|x86.ActiveCfg = Release|Win32
		{85C939C8-CC44-4B08-8221-1FDA75C5164D}.Release|x86.Build.0 = Release|Win32
		{C4EA9179-8536-4A5A-BD76-E510E95A6E3D}.Debug|x64.ActiveCfg = Debug|x64
		{C4EA9179-8536-4A5A-BD76-E510E95A6E3D}.Debug|x64.Build.0 = Debug|x64
		{C4EA9179-8536-4A5A-BD76-E510E95A6E3D}.Debug|x86.ActiveCfg = Debug|Win32
		{C4EA9179-8536-4A5A-BD76-E510E95A6E3D}.Debug|x86.Build.0 = Debug|Win32
		{C4EA9179-8536-4A5A-BD76-E510E95A6E3D}.Release|x64.ActiveCfg = Release|x64
		{C4EA9179-8536-4A5A-BD76-E510E95A6E3D}.Release|x64.Build.0 = Release|x64
		{C4EA9179-8536-4A5A-BD76-E510E95A6E3D}.Release|x86.ActiveCfg = Release|Win32
		{C4EA9179-8536-4A5A-BD76-E510E95A6E3D}.Release|x86.Build.0 = Release|Win32
		{31900981-02D9-4CE0-93C8-2C7E7662F8C2}.Debug|x64.ActiveCfg = Debug|x64
		{31900981-02D9-4CE0-93C8-2C7E7662F8C2}.Debug|x64.Build.0 = Debug|x64
		{31900981-02D9-4CE0-93C8-2C7E7662F8C2}.Debug|x86.ActiveCfg = Debug|Win32
		{31900981-02D9-4CE0-93C8-2C7E7662F8C2}.Debug|x86.Build.0 = Debug|Win32
		{31900981-02D9-4CE0-93C8-2C7E7662F8C2}.Release|x64.ActiveCfg = Release|x64
		{31900981-02D9-4CE0-93C8-2C7E7662F8C2}.Release|x64.Build.0 = Release|x64
		{31900981-02D9-4CE0-93C8-2C7E7662F8C2}.Release|x86.ActiveCfg = Release|Win32
		{31900981-02D9-4CE0-93C8-2C7E7662F8C2}.Release|x86.Build.0 = Release|Win32
		{A0CEE30C-827A-4559-A91B-A81FD8977844}.Debug|x64.ActiveCfg = Debug|x64
		{A0CEE30C-827A-4559-A91B-A81FD8977844}.Debug|x64.Build.0 = Debug|x64
		{A0CEE30C-827A-4559-A91B-A81FD8977844}.Debug|x86.ActiveCfg = Debug|Win32
		{A0CEE30C-827A-4559-A91B-A81FD8977844}.Debug|x86.Build.0 = Debug|Win32
		{A0CEE30C-827A-4559-A91B-A81FD8977844}.Release|x64.ActiveCfg = Release|x64
		{A0CEE30C-827A-4559-A91B-A81FD8977844}.Release|x64.Build.0 = Release|x64
		{A0CEE30C-827A-4559-A91B-A81FD8977844}.Release|x86.ActiveCfg = Release|Win32
		{A0CEE30C-827A-4559-A91B-A81FD8977844}.Release|x86.Build.0 = Release|Win32
		{730A882A-9BBC-420F-BCC3-533698FB5314}.Debug|x64.ActiveCfg = Debug|x64
		{730A882A-9BBC-420F-BCC3-533698FB5314}.Debug|x64.Build.0 = Debug|x64
		{730A882A-9BBC-420F-BCC3-533698FB5314}.Debug|x86.ActiveCfg = Debug|Win32
		{730A882A-9BBC-420F-BCC3-533698FB5314}.Debug|x86.Build.0 = Debug|Win32
		{730A882A-9BBC-420F-BCC3-533698FB5314}.Release|x64.ActiveCfg = Release|x64
		{730A882A-9BBC-420F-BCC3-533698FB5314}.Release|x64.Build.0 = Release|x64
		{730A882A-9BBC-420F-BCC3-533698FB5314}.Release|x86.ActiveCfg = Release|Win32
		{730A882A-9BBC-420F-BCC3-533698FB5314}.Release|x86.Build.0 = Release|Win32
		{56E212A8-A493-46A3-AC60-B40B6CD9A293}.Debug|x64.ActiveCfg = Debug|x64
		{56E212A8-A493-46A3-AC60-B40B6CD9A293}.Debug|x64.Build.0 = Debug|x64
		{56E212A8-A493-46A3-AC60-B40B6CD9A293}.Debug|x86.ActiveCfg = Debug|Win32
		{56E212A8-A493-46A3-AC60-B40B6CD9A293}.Debug|x86.Build.0 = Debug|Win32
		{56E212A8-A493-46A3-AC60-B40B6CD9A293}.Release|x64.ActiveCfg = Release|x64
		{56E212A8-A493-46A3-AC60-B40B6CD9A293}.Release|x64.Build.0 = Release|x64
		{56E212A8-A493-46A3-AC60-B40B6CD9A293}.Release|x86.ActiveCfg = Release|Win32
		{56E212A8-A493-46A3-AC60-B40B6CD9A293}.Release|x86.Build.0 = Release|Win32
		{D17FC41E-6929-4280-9151-B2CAAFE330F0}.Debug|x64.ActiveCfg = Debug|x64
		{D17FC41E-6929-4280-9151-B2CAAFE330F0}.Debug|x64.Build.0 = Debug|x64
		{D17FC41E-6929-4280-9151-B2CAAFE330F0}.Debug|x86.ActiveCfg = Debug|Win32
		{D17FC41E-6929-4280-9151-B2CAAFE330F0}.Debug|x86.Build.0 = Debug|Win32
		{D17FC41E-6929-4280-9151-B2CAAFE330F0}.Release|x64.ActiveCfg = Release|x64
		{D17FC41E-6929-4280-9151-B2CAAFE330F0}.Release|x64.Build.0 = Release|x64
		{D17FC41E-6929-4280-9151-B2CAAFE330F0}.Release|x86.ActiveCfg = Release|Win32
		{D17FC41E-6929-4280-9151-B2CAAFE330F0}.Release|x86.Build.0 = Release|Win32
		{9691FFD8-4A64-438E-93E8-9C9C0B8B1E34}.Debug|x64.ActiveCfg = Debug|x64
		{9691FFD8-4A64-438E-93E8-9C9C0B8B1E34}.Debug|x64.Build.0 = Debug|x64
		{9691FFD8-4A64-438E-93E8-9C9C0B8B1E34}.Debug|x86.ActiveCfg = Debug|Win32
		{9691FFD8-4A64-438E-93E8-9C9C0B8B1E34}.Debug|x86.Build.0 = Debug|Win32
		{9691FFD8-4A64-438E-93E8-9C9C0B8B1E34}.Release|x64.ActiveCfg = Release|x64
		{9691FFD8-4A64-438E-93E8-9C9C0B8B1E34}.Release|x64.Build.0 = Release|x64
		{9691FFD8-4A64-438E-93E8-9C9C0B8B1E34}.Release|x86.ActiveCfg = Release|Win32
		{9691FFD8-4A64-438E-93E8-9C9C0B8B1E34}.Release|x86.Build.0 = Release|Win32
		{E9A98E6E-4EA5-4832-A529-3A2A91842388}.Debug|x64.ActiveCfg = Debug|x64
		{E9A98E6E-4EA5-4832-A529-3A2A91842388}.Debug|x64.Build.0 = Debug|x64
		{E9A98E6E-4EA5-4832-A529-3A2A91842388}.Debug|x86.ActiveCfg = Debug|Win32
		{E9A98E6E-4EA5-4832-A529-3A2A91842388}.Debug|x86.Build.0 = Debug|Win32
		{E9A98E6E-4EA5-4832-A529-3A2A91842388}.Release|x64.ActiveCfg = Release|x64
		{E9A98E6E-4EA5-4832-A529-3A2A91842388}.Release|x64.Build.0 = Release|x64
		{E9A98E6E-4EA5-4832-A529-3A2A91842388}.Release|x86.ActiveCfg = Release|Win32
		{E9A98E6E-4EA5-4832-A529-3A2A91842388}.Release|x86.Build.0 = Release|Win32
		{96F394AA-BB0C-4AFE-9A87-E7A80FAB2BDC}.Debug|x64.ActiveCfg = Debug|x64
		{96F394AA-BB0C-4AFE-9A87-E7A80FAB2BDC}.Debug|x64.Build.0 = Debug|x64
		{96F394AA-BB0C-4AFE-9A87-E7A80FAB2BDC}.Debug|x86.ActiveCfg = Debug|Win32
		{96F394AA-BB0C-4AFE-9A87-E7A80FAB2BDC}.Debug|x86.Build.0 = Debug|Win32
		{96F394AA-BB0C-4AFE-9A87-E7A80FAB2BDC}.Release|x64.ActiveCfg = Release|x64
		{96F394AA-BB0C-4AFE-9A87-E7A80FAB2BDC}.Release|x64.Build.0 = Release|x64
		{96F394AA-BB0C-4AFE-9A87-E7A80FAB2BDC}.Release|x86.ActiveCfg = Release|Win32
		{96F394AA-BB0C-4AFE-9A87-E7A80FAB2BDC}.Release|x86.Build.0 = Release|Win32
		{21FA70DA-12D4-4603-AC02-AC0FDA55DB73}.Debug|x64.ActiveCfg = Debug|x64
		{21FA70DA-12D4-4603-AC02-AC0FDA55DB73}.Debug|x64.Build.0 = Debug|x64
		{21FA70DA-12D4-4603-AC02-AC0FDA55DB73}.Debug|x86.ActiveCfg = Debug|Win32
		{21FA70DA-12D4-4603-AC02-AC0FDA55DB73}.Debug|x86.Build.0 = Debug|Win32
		{21FA70DA-12D4-4603-AC02-AC0FDA55DB73}.Release|x64.ActiveCfg = Release|x64
		{21FA70DA-12D4-4603-AC02-AC0FDA55DB73}.Release|x64.Build.0 = Release|x64
		{21FA70DA-12D4-4603-AC02-AC0FDA55DB73}.Release|x86.ActiveCfg = Release|Win32
		{21FA70DA-12D4-4603-AC02-AC0FDA55DB73}.Release|x86.Build.0 = Release|Win32
		{F80DD8FA-D135-4D09-BF5C-159B98FB9B3B}.Debug|x64.ActiveCfg = Debug|x64
		{F80DD8FA-D135-4D09-BF5C-159B98FB9B3B}.Debug|x64.Build.0 = Debug|x64
		{F80DD8FA-D135-4D09-BF5C-159B98FB9B3B}.Debug|x86.ActiveCfg = Debug|Win32
		{F80DD8FA-D135-4D09-BF5C-159B98FB9B3B}.Debug|x86.Build.0 = Debug|Win32
		{F80DD8FA-D135-4D09-BF5C-159B98FB9B3B}.Release|x64.ActiveCfg = Release|x64
		{F80DD8FA-D135-4D09-BF5C-159B98FB9B3B}.Release|x64.Build.0 = Release|x64
		{F80DD8FA-D135-4D09-BF5C-159B98FB9B3B}.Release|x86.ActiveCfg = Release|Win32
		{F80DD8FA-D135-4D09-BF5C-159B98FB9B3B}.Release|x86.Build.0 = Release|Win32
		{0C75D7F2-2E95-4F9A-9726-709B957F7698}.Debug|x64.ActiveCfg = Debug|x64
		{0C75D7F2-2E95-4F9A-9726-709B957F7698}.Debug|x64.Build.0 = Debug|x64
		{0C75D7F2-2E95-4F9A-9726-709B957F7698}.Debug|x86.ActiveCfg = Debug|Win32
		{0C75D7F2-2E95-4F9A-9726-709B957F7698}.Debug|x86.Build.0 = Debug|Win32
		{0C75D7F2-2E95-4F9A-9726-709B957F7698}.Release|x64.ActiveCfg = Release|x64
		{0C75D7F2-2E95-4F9A-9726-709B957F7698}.Release|x64.Build.0 = Release|x64
		{0C75D7F2-2E95-4F9A-9726-709B957F7698}.Release|x86.ActiveCfg = Release|Win32
		{0C75D7F2-2E95-4F9A-9726-709B957F7698}.Release|x86.Build.0 = Release|Win32
		{CB27DE8F-9070-466F-9DD5-6C55414CF04F}.Debug|x64.ActiveCfg = Debug|x64
		{CB27DE8F-9070-466F-9DD5-6C55414CF04F}.Debug|x64.Build.0 = Debug|x64
		{CB27DE8F-9070-466F-9DD5-6C55414CF04F}.Debug|x86.ActiveCfg = Debug|Win32
		{CB27DE8F-9070-466F-9DD5-6C55414CF04F}.Debug|x86.Build.0 = Debug|Win32
		{CB27DE8F-9070-466F-9DD5-6C55414CF04F}.Release|x64.ActiveCfg = Release|x64
		{CB27DE8F-9070-466F-9DD5-6C55414CF04F}.Release|x64.Build.0 = Release|x64
		{CB27DE8F-9070-466F-9DD5-6C55414CF04F}.Release|x86.ActiveCfg = Release|Win32
		{CB27DE8F-9070-466F-9DD5-6C55414CF04F}.Release|x86.Build.0 = Release|Win32
		{586DB7A3-8F45-4736-8F41-46712D33FC15}.Debug|x64.ActiveCfg = Debug|x64
		{586DB7A3-8F45-4736-8F41-46712D33FC15}.Debug|x64.Build.0 = Debug|x64
		{586DB7A3-8F45-4736-8F41-46712D33FC15}.Debug|x86.ActiveCfg = Debug|Win32
		{586DB7A3-8F45-4736-8F41-46712D33FC15}.Debug|x86.Build.0 = Debug|Win32
		{586DB7A3-8F45-4736-8F41-46712D33FC15}.Release|x64.ActiveCfg = Release|x64
		{586DB7A3-8F45-4736-8F41-46712D33FC15}.Release|x64.Build.0 = Release|x64
		{586DB7A3-8F45-4736-8F41-46712D33FC15}.Release|x86.ActiveCfg = Release|Win32
		{586DB7A3-8F45-4736-8F41-46712D33FC15}.Release|x86.Build.0 = Release|Win32
		{DE504617-C800-4DAD-B684-717348037018}.Debug|x64.ActiveCfg = Debug|x64
		{DE504617-C800-4DAD-B684-717348037018}.Debug|x64.Build.0 = Debug|x64
		{DE504617-C800-4DAD-B684-717348037018}.Debug|x86.ActiveCfg = Debug|Win32
		{DE504617-C800-4DAD-B684-717348037018}.Debug|x86.Build.0 = Debug|Win32
		{DE504617-C800-4DAD-B684-717348037018}.Release|x64.ActiveCfg = Release|x64
		{DE504617-C800-4DAD-B684-717348037018}.Release|x64.Build.0 = Release|x64
		{DE504617-C800-4DAD-B684-717348037018}.Release|x86.ActiveCfg = Release|Win32
		{DE504617-C800-4DAD-B684-717348037018}.Release|x86.Build.0 = Release|Win32
		{49175864-A4DA-49B3-9F3A-1C68D97EA970}.Debug|x64.ActiveCfg = Debug|x64
		{49175864-A4DA-49B3-9F3A-1C68D97EA970}.Debug|x64.Build.0 = Debug|x64
		{49175864-A4DA-49B3-9F3A-1C68D97EA970}.Debug|x86.ActiveCfg = Debug|Win32
		{49175864-A4DA-49B3-9F3A-1C68D97EA970}.Debug|x86.Build.0 = Debug|Win32
		{49175864-A4DA-49B3-9F3A-1C68D97EA970}.Release|x64.ActiveCfg = Release|x64
		{49175864-A4DA-49B3-9F3A-1C68D97EA970}.Release|x64.Build.0 = Release|x64
		{49175864-A4DA-49B3-9F3A-1C68D97EA970}.Release|x86.ActiveCfg = Release|Win32
		{49175864-A4DA-49B3-9F3A-1C68D97EA970}.Release|x86.Build.0 = Release|Win32
		{34E5A61A-7408-46BB-B776-2FB7A86F5394}.Debug|x64.ActiveCfg = Debug|x64
		{34E5A61A-7408-46BB-B776-2FB7A86F5394}.Debug|x64.Build.0 = Debug|x64
		{34E5A61A-7408-46BB-B776-2FB7A86F5394}.Debug|x86.ActiveCfg = Debug|Win32
		{34E5A61A-7408-46BB-B776-2FB7A86F5394}.Debug|x86.Build.0 = Debug|Win32
		{34E5A61A-7408-46BB-B776-2FB7A86F5394}.Release|x64.ActiveCfg = Release|x64
		{34E5A61A-7408-46BB-B776-2FB7A86F5394}.Release|x64.Build.0 = Release|x64
		{34E5A61A-7408-46BB-B776-2FB7A86F5394}.Release|x86.ActiveCfg = Release|Win32
		{34E5A61A-7408-46BB-B776-2FB7A86F5394}.Release|x86.Build.0 = Release|Win32
		{60926A57-A0ED-4171-81A5-4522CC143C86}.Debug|x64.ActiveCfg = Debug|x64
		{60926A57-A0ED-4171-81A5-4522CC143C86}.Debug|x64.Build.0 = Debug|x64
		{60926A57-A0ED-4171-81A5-4522CC143C86}.Debug|x86.ActiveCfg = Debug|Win32
		{60926A57-A0ED-4171-81A5-4522CC143C86}.Debug|x86.Build.0 = Debug|Win32
		{60926A57-A0ED-4171-81A5-4522CC143C86}.Release|x64.ActiveCfg = Release|x64
		{60926A57-A0ED-4171-81A5-4522CC143C86}.Release|x64.Build.0 = Release|x64
		{60926A57-A0ED-4171-81A5-4522CC143C86}.Release|x86.ActiveCfg = Release|Win32
		{60926A57-A0ED-4171-81A5-4522CC143C86}.Release|x86.Build.0 = Release|Win32
		{A6F3E66E-8119-4439-8AF5-62C579B40264}.Debug|x64.ActiveCfg = Debug|x64
		{A6F3E66E-8119-4439-8AF5-62C579B40264}.Debug|x64.Build.0 = Debug|x64
		{A6F3E66E-8119-4439-8AF5-62C579B40264}.Debug|x86.ActiveCfg = Debug|Win32
		{A6F3E66E-8119-4439-8AF5-62C579B40264}.Debug|x86.Build.0 = Debug|Win32
		{A6F3E66E-8119-4439-8AF5-62C579B40264}.Release|x64.ActiveCfg = Release|x64
		{A6F3E66E-8119-4439-8AF5-62C579B40264}.Release|x64.Build.0 = Release|x64
		{A6F3E66E-8119-4439-8AF5-62C579B40264}.Release|x86.ActiveCfg = Release|Win32
		{A6F3E66E-8119-4439-8AF5-62C579B40264}.Release|x86.Build.0 = Release|Win32
		{18F3AB7A-A668-495A-A318-BA7A5441D31D}.Debug|x64.ActiveCfg = Debug|x64
		{18F3AB7A-A668-495A-A318-BA7A5441D31D}.Debug|x64.Build.0 = Debug|x64
		{18F3AB7A-A668-495A-A318-BA7A5441D31D}.Debug|x86.ActiveCfg = Debug|Win32
		{18F3AB7A-A668-495A-A318-BA7A5441D31D}.Debug|x86.Build.0 = Debug|Win32
		{18F3AB7A-A668-495A-A318-BA7A5441D31D}.Release|x64.ActiveCfg = Release|x64
		{18F3AB7A-A668-495A-A318-BA7A5441D31D}.Release|x64.Build.0 = Release|x64
		{18F3AB7A-A668-495A-A318-BA7A5441D31D}.Release|x86.ActiveCfg = Release|Win32
		{18F3AB7A-A668-495A-A318-BA7A5441D31D}.Release|x86.Build.0 = Release|Win32
		{93CAC1AD-0F94-4CB1-885A-55277E5D0019}.Debug|x64.ActiveCfg = Debug|x64
		{93CAC1AD-0F94-4CB1-885A-55277E5D0019}.Debug|x64.Build.0 = Debug|x64
		{93CAC1AD-0F94-4CB1-885A-55277E5D0019}.Debug|x86.ActiveCfg = Debug|Win32
		{93CAC1AD-0F94-4CB1-885A-55277E5D0019}.Debug|x86.Build.0 = Debug|Win32
		{93CAC1AD-0F94-4CB1-885A-55277E5D0019}.Release|x64.ActiveCfg = Release|x64
		{93CAC1AD-0F94-4CB1-885A-55277E5D0019}.Release|x64.Build.0 = Release|x64
		{93CAC1AD-0F94-4CB1-885A-55277E5D0019}.Release|x86.ActiveCfg = Release|Win32
		{93CAC1AD-0F94-4CB1-885A-55277E5D0019}.Release|x86.Build.0 = Release|Win32
		{A160D8F0-4746-4F2F-A0F4-D98D6BC3E615}.Debug|x64.ActiveCfg = Debug|x64
		{A160D8F0-4746-4F2F-A0F4-D98D6BC3E615}.Debug|x64.Build.0 = Debug|x64
		{A160D8F0-4746-4F2F-A0F4-D98D6BC3E615}.Debug|x86.ActiveCfg = Debug|Win32
		{A160D8F0-4746-4F2F-A0F4-D98D6BC3E615}.Debug|x86.Build.0 = Debug|Win32
		{A160D8F0-4746-4F2F-A0F4-D98D6BC3E615}.Release|x64.ActiveCfg = Release|x64
		{A160D8F0-4746-4F2F-A0F4-D98D6BC3E615}.Release|x64.Build.0 = Release|x64
		{A160D8F0-4746-4F2F-A0F4-D98D6BC3E615}.Release|x86.ActiveCfg = Release|Win32
		{A160D8F0-4746-4F2F-A0F4-D98D6BC3E615}.Release|x86.Build.0 = Release|Win32
		{96F8BAE3-9413-4CE0-8034-718D688DF8EE}.Debug|x64.ActiveCfg = Debug|x64
		{96F8BAE3-9413-4CE0-8034-718D688DF8EE}.Debug|x64.Build.0 = Debug|x64
		{96F8BAE3-9413-4CE0-8034-718D688DF8EE}.Debug|x86.ActiveCfg = Debug|Win32
		{96F8BAE3-9413-4CE0-8034-718D688DF8EE}.Debug|x86.Build.0 = Debug|Win32
		{96F8BAE3-9413-4CE0-8034-718D688DF8EE}.Release|x64.ActiveCfg = Release|x64
		{96F8BAE3-9413-4CE0-8034-718D688DF8EE}.Release|x64.Build.0 = Release|x64
		{96F8BAE3-9413-4CE0-8034-718D688DF8EE}.Release|x86.ActiveCfg = Release|Win32
		{96F8BAE3-9413-4CE0-8034-718D688DF8EE}.Release|x86.Build.0 = Release|Win32
		{06B2E3B2-1573-456A-9848-F10CA3BADD88}.Debug|x64.ActiveCfg = Debug|x64
		{06B2E3B2-1573-456A-9848-F10CA3BADD88}.Debug|x64.Build.0 = Debug|x64
		{06B2E3B2-1573-456A-9848-F10CA3BADD88}.Debug|x86.ActiveCfg = Debug|Win32
		{06B2E3B2-1573-456A-9848-F10CA3BADD88}.Debug|x86.Build.0 = Debug|Win32
		{06B2E3B2-1573-456A-9848-F10CA3BADD88}.Release|x64.ActiveCfg = Release|x64
		{06B2E3B2-1573-456A-9848-F10CA3BADD88}.Release|x64.Build.0 = Release|x64
		{06B2E3B2-1573-456A-9848-F10CA3BADD88}.Release|x86.ActiveCfg = Release|Win32
		{06B2E3B2-1573-456A-9848-F10CA3BADD88}.Release|x86.Build.0 = Release|Win32
		{E4692F77-782A-4497-A277-54A49E142941}.Debug|x64.ActiveCfg = Debug|x64
		{E4692F77-782A-4497-A277-54A49E142941}.Debug|x64.Build.0 = Debug|x64
		{E4692F77-782A-4497-A277-54A49E142941}.Debug|x86.ActiveCfg = Debug|Win32
		{E4692F77-782A-4497-A277-54A49E142941}.Debug|x86.Build.0 = Debug|Win32
		{E4692F77-782A-4497-A277-54A49E142941}.Release|x64.ActiveCfg = Release|x64
		{E4692F77-782A-4497-A277-54A49E142941}.Release|x64.Build.0 = Release|x64
		{E4692F77-782A-4497-A277-54A49E142941}.Release|x86.ActiveCfg = Release|Win32
		{E4692F77-782A-4497-A277-54A49E142941}.Release|x86.Build.0 = Release|Win32
		{F02A77C9-ABE1-4072-8E02-E7BFB96819EA}.Debug|x64.ActiveCfg = Debug|x64
		{F02A77C9-ABE1-4072-8E02-E7BFB96819EA}.Debug|x64.Build.0 = Debug|x64
		{F02A77C9-ABE1-4072-8E02-E7BFB96819EA}.Debug|x86.ActiveCfg = Debug|Win32
		{F02A77C9-ABE1-4072-8E02-E7BFB96819EA}.Debug|x86.Build.0 = Debug|Win32
		{F02A77C9-ABE1-4072-8E02-E7BFB96819EA}.Release|x64.ActiveCfg = Release|x64
		{F02A77C9-ABE1-4072-8E02-E7BFB96819EA}.Release|x64.Build.0 = Release|x64
		{F02A77C9-ABE1-4072-8E02-E7BFB96819EA}.Release|x86.ActiveCfg = Release|Win32
		{F02A77C9-ABE1-4072-8E02-E7BFB96819EA}.Release|x86.Build.0 = Release|Win32
		{8E9B2262-3FC2-4F7F-B4BC-E0DA402F1713}.Debug|x64.ActiveCfg = Debug|x64
		{8E9B2262-3FC2-4F7F-B4BC-E0DA402F1713}.Debug|x64.Build.0 = Debug|x64
		{8E9B2262-3FC2-4F7F-B4BC-E0DA402F1713}.Debug|x86.ActiveCfg = Debug|Win32
		{8E9B2262-3FC2-4F7F-B4BC-E0DA402F1713}.Debug|x86.Build.0 = Debug|Win32
		{8E9B2262-3FC2-4F7F-B4BC-E0DA402F1713}.Release|x64.ActiveCfg = Release|x64
		{8E9B2262-3FC2-4F7F-B4BC-E0DA402F1713}.Release|x64.Build.0 = Release|x64
		{8E9B2262-3FC2-4F7F-B4BC-E0DA402F1713}.Release|x86.ActiveCfg = Release|Win32
		{8E9B2262-3FC2-4F7F-B4BC-E0DA402F1713}.Release|x86.Build.0 = Release|Win32
		{5B96F356-8BE4-44E6-8983-957556BBF976}.Debug|x64.ActiveCfg = Debug|x64
		{5B96F356-8BE4-44E6-8983-957556BBF976}.Debug|x64.Build.0 = Debug|x64
		{5B96F356-8BE4-44E6-8983-957556BBF976}.Debug|x86.ActiveCfg = Debug|Win32
		{5B96F356-8BE4-44E6-8983-957556BBF976}.Debug|x86.Build.0 = Debug|Win32
		{5B96F356-8BE4-44E6-8983-957556BBF976}.Release|x64.ActiveCfg = Release|x64
		{5B96F356-8BE4-44E6-8983-957556BBF976}.Release|x64.Build.0 = Release|x64
		{5B96F356-8BE4-44E6-8983-957556BBF976}.Release|x86.ActiveCfg = Release|Win32
		{5B96F356-8BE4-44E6-8983-957556BBF976}.Release|x86.Build.0 = Release|Win32
	EndGlobalSection
	GlobalSection(SolutionProperties) = preSolution
		HideSolutionNode = FALSE
	EndGlobalSection
	GlobalSection(ExtensibilityGlobals) = postSolution
		SolutionGuid = {9BC32E50-51ED-4F7E-9469-693102B6BB47}
	EndGlobalSection
EndGlobal
