
Microsoft Visual Studio Solution File, Format Version 12.00
# Visual Studio 15
VisualStudioVersion = 15.0.28010.2026
MinimumVisualStudioVersion = 10.0.40219.1
Project("{8BC9CEB8-8B4A-11D0-8D11-00A0C91BC942}") = "ConsoleApplication5", "ConsoleApplication5\ConsoleApplication5.vcxproj", "{9F7AC3D6-4FAD-4827-A3D4-722AF2D1A174}"
EndProject
Project("{8BC9CEB8-8B4A-11D0-8D11-00A0C91BC942}") = "lab2massive", "lab2massive\lab2massive.vcxproj", "{85C939C8-CC44-4B08-8221-1FDA75C5164D}"
EndProject
Project("{8BC9CEB8-8B4A-11D0-8D11-00A0C91BC942}") = "lab3", "lab3\lab3.vcxproj", "{C4EA9179-8536-4A5A-BD76-E510E95A6E3D}"
EndProject
Project("{8BC9CEB8-8B4A-11D0-8D11-00A0C91BC942}") = "lab5", "lab5\lab5.vcxproj", "{31900981-02D9-4CE0-93C8-2C7E7662F8C2}"
EndProject
Project("{8BC9CEB8-8B4A-11D0-8D11-00A0C91BC942}") = "caesar", "caesar\caesar.vcxproj", "{A0CEE30C-827A-4559-A91B-A81FD8977844}"
EndProject
Project("{8BC9CEB8-8B4A-11D0-8D11-00A0C91BC942}") = "bubbles", "bubbles\bubbles.vcxproj", "{730A882A-9BBC-420F-BCC3-533698FB5314}"
EndProject
Project("{8BC9CEB8-8B4A-11D0-8D11-00A0C91BC942}") = "shaker", "shaker\shaker.vcxproj", "{56E212A8-A493-46A3-AC60-B40B6CD9A293}"
EndProject
Project("{8BC9CEB8-8B4A-11D0-8D11-00A0C91BC942}") = "lab6", "lab6\lab6.vcxproj", "{D17FC41E-6929-4280-9151-B2CAAFE330F0}"
EndProject
Project("{8BC9CEB8-8B4A-11D0-8D11-00A0C91BC942}") = "lab7", "lab7\lab7.vcxproj", "{9691FFD8-4A64-438E-93E8-9C9C0B8B1E34}"
EndProject
Project("{8BC9CEB8-8B4A-11D0-8D11-00A0C91BC942}") = "matrix", "matrix\matrix.vcxproj", "{E9A98E6E-4EA5-4832-A529-3A2A91842388}"
EndProject
Global
	GlobalSection(SolutionConfigurationPlatforms) = preSolution
		Debug|x64 = Debug|x64
		Debug|x86 = Debug|x86
		Release|x64 = Release|x64
		Release|x86 = Release|x86
	EndGlobalSection
	GlobalSection(ProjectConfigurationPlatforms) = postSolution
		{9F7AC3D6-4FAD-4827-A3D4-722AF2D1A174}.Debug|x64.ActiveCfg = Debug|x64
		{9F7AC3D6-4FAD-4827-A3D4-722AF2D1A174}.Debug|x64.Build.0 = Debug|x64
		{9F7AC3D6-4FAD-4827-A3D4-722AF2D1A174}.Debug|x86.ActiveCfg = Debug|Win32
		{9F7AC3D6-4FAD-4827-A3D4-722AF2D1A174}.Debug|x86.Build.0 = Debug|Win32
		{9F7AC3D6-4FAD-4827-A3D4-722AF2D1A174}.Release|x64.ActiveCfg = Release|x64
		{9F7AC3D6-4FAD-4827-A3D4-722AF2D1A174}.Release|x64.Build.0 = Release|x64
		{9F7AC3D6-4FAD-4827-A3D4-722AF2D1A174}.Release|x86.ActiveCfg = Release|Win32
		{9F7AC3D6-4FAD-4827-A3D4-722AF2D1A174}.Release|x86.Build.0 = Release|Win32
		{85C939C8-CC44-4B08-8221-1FDA75C5164D}.Debug|x64.ActiveCfg = Debug|x64
		{85C939C8-CC44-4B08-8221-1FDA75C5164D}.Debug|x64.Build.0 = Debug|x64
		{85C939C8-CC44-4B08-8221-1FDA75C5164D}.Debug|x86.ActiveCfg = Debug|Win32
		{85C939C8-CC44-4B08-8221-1FDA75C5164D}.Debug|x86.Build.0 = Debug|Win32
		{85C939C8-CC44-4B08-8221-1FDA75C5164D}.Release|x64.ActiveCfg = Release|x64
		{85C939C8-CC44-4B08-8221-1FDA75C5164D}.Release|x64.Build.0 = Release|x64
		{85C939C8-CC44-4B08-8221-1FDA75C5164D}.Release|x86.ActiveCfg = Release|Win32
		{85C939C8-CC44-4B08-8221-1FDA75C5164D}.Release|x86.Build.0 = Release|Win32
		{C4EA9179-8536-4A5A-BD76-E510E95A6E3D}.Debug|x64.ActiveCfg = Debug|x64
		{C4EA9179-8536-4A5A-BD76-E510E95A6E3D}.Debug|x64.Build.0 = Debug|x64
		{C4EA9179-8536-4A5A-BD76-E510E95A6E3D}.Debug|x86.ActiveCfg = Debug|Win32
		{C4EA9179-8536-4A5A-BD76-E510E95A6E3D}.Debug|x86.Build.0 = Debug|Win32
		{C4EA9179-8536-4A5A-BD76-E510E95A6E3D}.Release|x64.ActiveCfg = Release|x64
		{C4EA9179-8536-4A5A-BD76-E510E95A6E3D}.Release|x64.Build.0 = Release|x64
		{C4EA9179-8536-4A5A-BD76-E510E95A6E3D}.Release|x86.ActiveCfg = Release|Win32
		{C4EA9179-8536-4A5A-BD76-E510E95A6E3D}.Release|x86.Build.0 = Release|Win32
		{31900981-02D9-4CE0-93C8-2C7E7662F8C2}.Debug|x64.ActiveCfg = Debug|x64
		{31900981-02D9-4CE0-93C8-2C7E7662F8C2}.Debug|x64.Build.0 = Debug|x64
		{31900981-02D9-4CE0-93C8-2C7E7662F8C2}.Debug|x86.ActiveCfg = Debug|Win32
		{31900981-02D9-4CE0-93C8-2C7E7662F8C2}.Debug|x86.Build.0 = Debug|Win32
		{31900981-02D9-4CE0-93C8-2C7E7662F8C2}.Release|x64.ActiveCfg = Release|x64
		{31900981-02D9-4CE0-93C8-2C7E7662F8C2}.Release|x64.Build.0 = Release|x64
		{31900981-02D9-4CE0-93C8-2C7E7662F8C2}.Release|x86.ActiveCfg = Release|Win32
		{31900981-02D9-4CE0-93C8-2C7E7662F8C2}.Release|x86.Build.0 = Release|Win32
		{A0CEE30C-827A-4559-A91B-A81FD8977844}.Debug|x64.ActiveCfg = Debug|x64
		{A0CEE30C-827A-4559-A91B-A81FD8977844}.Debug|x64.Build.0 = Debug|x64
		{A0CEE30C-827A-4559-A91B-A81FD8977844}.Debug|x86.ActiveCfg = Debug|Win32
		{A0CEE30C-827A-4559-A91B-A81FD8977844}.Debug|x86.Build.0 = Debug|Win32
		{A0CEE30C-827A-4559-A91B-A81FD8977844}.Release|x64.ActiveCfg = Release|x64
		{A0CEE30C-827A-4559-A91B-A81FD8977844}.Release|x64.Build.0 = Release|x64
		{A0CEE30C-827A-4559-A91B-A81FD8977844}.Release|x86.ActiveCfg = Release|Win32
		{A0CEE30C-827A-4559-A91B-A81FD8977844}.Release|x86.Build.0 = Release|Win32
		{730A882A-9BBC-420F-BCC3-533698FB5314}.Debug|x64.ActiveCfg = Debug|x64
		{730A882A-9BBC-420F-BCC3-533698FB5314}.Debug|x64.Build.0 = Debug|x64
		{730A882A-9BBC-420F-BCC3-533698FB5314}.Debug|x86.ActiveCfg = Debug|Win32
		{730A882A-9BBC-420F-BCC3-533698FB5314}.Debug|x86.Build.0 = Debug|Win32
		{730A882A-9BBC-420F-BCC3-533698FB5314}.Release|x64.ActiveCfg = Release|x64
		{730A882A-9BBC-420F-BCC3-533698FB5314}.Release|x64.Build.0 = Release|x64
		{730A882A-9BBC-420F-BCC3-533698FB5314}.Release|x86.ActiveCfg = Release|Win32
		{730A882A-9BBC-420F-BCC3-533698FB5314}.Release|x86.Build.0 = Release|Win32
		{56E212A8-A493-46A3-AC60-B40B6CD9A293}.Debug|x64.ActiveCfg = Debug|x64
		{56E212A8-A493-46A3-AC60-B40B6CD9A293}.Debug|x64.Build.0 = Debug|x64
		{56E212A8-A493-46A3-AC60-B40B6CD9A293}.Debug|x86.ActiveCfg = Debug|Win32
		{56E212A8-A493-46A3-AC60-B40B6CD9A293}.Debug|x86.Build.0 = Debug|Win32
		{56E212A8-A493-46A3-AC60-B40B6CD9A293}.Release|x64.ActiveCfg = Release|x64
		{56E212A8-A493-46A3-AC60-B40B6CD9A293}.Release|x64.Build.0 = Release|x64
		{56E212A8-A493-46A3-AC60-B40B6CD9A293}.Release|x86.ActiveCfg = Release|Win32
		{56E212A8-A493-46A3-AC60-B40B6CD9A293}.Release|x86.Build.0 = Release|Win32
		{D17FC41E-6929-4280-9151-B2CAAFE330F0}.Debug|x64.ActiveCfg = Debug|x64
		{D17FC41E-6929-4280-9151-B2CAAFE330F0}.Debug|x64.Build.0 = Debug|x64
		{D17FC41E-6929-4280-9151-B2CAAFE330F0}.Debug|x86.ActiveCfg = Debug|Win32
		{D17FC41E-6929-4280-9151-B2CAAFE330F0}.Debug|x86.Build.0 = Debug|Win32
		{D17FC41E-6929-4280-9151-B2CAAFE330F0}.Release|x64.ActiveCfg = Release|x64
		{D17FC41E-6929-4280-9151-B2CAAFE330F0}.Release|x64.Build.0 = Release|x64
		{D17FC41E-6929-4280-9151-B2CAAFE330F0}.Release|x86.ActiveCfg = Release|Win32
		{D17FC41E-6929-4280-9151-B2CAAFE330F0}.Release|x86.Build.0 = Release|Win32
		{9691FFD8-4A64-438E-93E8-9C9C0B8B1E34}.Debug|x64.ActiveCfg = Debug|x64
		{9691FFD8-4A64-438E-93E8-9C9C0B8B1E34}.Debug|x64.Build.0 = Debug|x64
		{9691FFD8-4A64-438E-93E8-9C9C0B8B1E34}.Debug|x86.ActiveCfg = Debug|Win32
		{9691FFD8-4A64-438E-93E8-9C9C0B8B1E34}.Debug|x86.Build.0 = Debug|Win32
		{9691FFD8-4A64-438E-93E8-9C9C0B8B1E34}.Release|x64.ActiveCfg = Release|x64
		{9691FFD8-4A64-438E-93E8-9C9C0B8B1E34}.Release|x64.Build.0 = Release|x64
		{9691FFD8-4A64-438E-93E8-9C9C0B8B1E34}.Release|x86.ActiveCfg = Release|Win32
		{9691FFD8-4A64-438E-93E8-9C9C0B8B1E34}.Release|x86.Build.0 = Release|Win32
		{E9A98E6E-4EA5-4832-A529-3A2A91842388}.Debug|x64.ActiveCfg = Debug|x64
		{E9A98E6E-4EA5-4832-A529-3A2A91842388}.Debug|x64.Build.0 = Debug|x64
		{E9A98E6E-4EA5-4832-A529-3A2A91842388}.Debug|x86.ActiveCfg = Debug|Win32
		{E9A98E6E-4EA5-4832-A529-3A2A91842388}.Debug|x86.Build.0 = Debug|Win32
		{E9A98E6E-4EA5-4832-A529-3A2A91842388}.Release|x64.ActiveCfg = Release|x64
		{E9A98E6E-4EA5-4832-A529-3A2A91842388}.Release|x64.Build.0 = Release|x64
		{E9A98E6E-4EA5-4832-A529-3A2A91842388}.Release|x86.ActiveCfg = Release|Win32
		{E9A98E6E-4EA5-4832-A529-3A2A91842388}.Release|x86.Build.0 = Release|Win32
	EndGlobalSection
	GlobalSection(SolutionProperties) = preSolution
		HideSolutionNode = FALSE
	EndGlobalSection
	GlobalSection(ExtensibilityGlobals) = postSolution
		SolutionGuid = {9BC32E50-51ED-4F7E-9469-693102B6BB47}
	EndGlobalSection
EndGlobal
