
Microsoft Visual Studio Solution File, Format Version 12.00
# Visual Studio 15
VisualStudioVersion = 15.0.28010.2026
MinimumVisualStudioVersion = 10.0.40219.1
Project("{8BC9CEB8-8B4A-11D0-8D11-00A0C91BC942}") = "ConsoleApplication5", "ConsoleApplication5\ConsoleApplication5.vcxproj", "{9F7AC3D6-4FAD-4827-A3D4-722AF2D1A174}"
EndProject
Project("{8BC9CEB8-8B4A-11D0-8D11-00A0C91BC942}") = "lab2massive", "lab2massive\lab2massive.vcxproj", "{85C939C8-CC44-4B08-8221-1FDA75C5164D}"
EndProject
Project("{8BC9CEB8-8B4A-11D0-8D11-00A0C91BC942}") = "lab3", "lab3\lab3.vcxproj", "{C4EA9179-8536-4A5A-BD76-E510E95A6E3D}"
EndProject
Project("{8BC9CEB8-8B4A-11D0-8D11-00A0C91BC942}") = "lab5", "lab5\lab5.vcxproj", "{31900981-02D9-4CE0-93C8-2C7E7662F8C2}"
EndProject
Global
	GlobalSection(SolutionConfigurationPlatforms) = preSolution
		Debug|x64 = Debug|x64
		Debug|x86 = Debug|x86
		Release|x64 = Release|x64
		Release|x86 = Release|x86
	EndGlobalSection
	GlobalSection(ProjectConfigurationPlatforms) = postSolution
		{9F7AC3D6-4FAD-4827-A3D4-722AF2D1A174}.Debug|x64.ActiveCfg = Debug|x64
		{9F7AC3D6-4FAD-4827-A3D4-722AF2D1A174}.Debug|x64.Build.0 = Debug|x64
		{9F7AC3D6-4FAD-4827-A3D4-722AF2D1A174}.Debug|x86.ActiveCfg = Debug|Win32
		{9F7AC3D6-4FAD-4827-A3D4-722AF2D1A174}.Debug|x86.Build.0 = Debug|Win32
		{9F7AC3D6-4FAD-4827-A3D4-722AF2D1A174}.Release|x64.ActiveCfg = Release|x64
		{9F7AC3D6-4FAD-4827-A3D4-722AF2D1A174}.Release|x64.Build.0 = Release|x64
		{9F7AC3D6-4FAD-4827-A3D4-722AF2D1A174}.Release|x86.ActiveCfg = Release|Win32
		{9F7AC3D6-4FAD-4827-A3D4-722AF2D1A174}.Release|x86.Build.0 = Release|Win32
		{85C939C8-CC44-4B08-8221-1FDA75C5164D}.Debug|x64.ActiveCfg = Debug|x64
		{85C939C8-CC44-4B08-8221-1FDA75C5164D}.Debug|x64.Build.0 = Debug|x64
		{85C939C8-CC44-4B08-8221-1FDA75C5164D}.Debug|x86.ActiveCfg = Debug|Win32
		{85C939C8-CC44-4B08-8221-1FDA75C5164D}.Debug|x86.Build.0 = Debug|Win32
		{85C939C8-CC44-4B08-8221-1FDA75C5164D}.Release|x64.ActiveCfg = Release|x64
		{85C939C8-CC44-4B08-8221-1FDA75C5164D}.Release|x64.Build.0 = Release|x64
		{85C939C8-CC44-4B08-8221-1FDA75C5164D}.Release|x86.ActiveCfg = Release|Win32
		{85C939C8-CC44-4B08-8221-1FDA75C5164D}.Release|x86.Build.0 = Release|Win32
		{C4EA9179-8536-4A5A-BD76-E510E95A6E3D}.Debug|x64.ActiveCfg = Debug|x64
		{C4EA9179-8536-4A5A-BD76-E510E95A6E3D}.Debug|x64.Build.0 = Debug|x64
		{C4EA9179-8536-4A5A-BD76-E510E95A6E3D}.Debug|x86.ActiveCfg = Debug|Win32
		{C4EA9179-8536-4A5A-BD76-E510E95A6E3D}.Debug|x86.Build.0 = Debug|Win32
		{C4EA9179-8536-4A5A-BD76-E510E95A6E3D}.Release|x64.ActiveCfg = Release|x64
		{C4EA9179-8536-4A5A-BD76-E510E95A6E3D}.Release|x64.Build.0 = Release|x64
		{C4EA9179-8536-4A5A-BD76-E510E95A6E3D}.Release|x86.ActiveCfg = Release|Win32
		{C4EA9179-8536-4A5A-BD76-E510E95A6E3D}.Release|x86.Build.0 = Release|Win32
		{31900981-02D9-4CE0-93C8-2C7E7662F8C2}.Debug|x64.ActiveCfg = Debug|x64
		{31900981-02D9-4CE0-93C8-2C7E7662F8C2}.Debug|x64.Build.0 = Debug|x64
		{31900981-02D9-4CE0-93C8-2C7E7662F8C2}.Debug|x86.ActiveCfg = Debug|Win32
		{31900981-02D9-4CE0-93C8-2C7E7662F8C2}.Debug|x86.Build.0 = Debug|Win32
		{31900981-02D9-4CE0-93C8-2C7E7662F8C2}.Release|x64.ActiveCfg = Release|x64
		{31900981-02D9-4CE0-93C8-2C7E7662F8C2}.Release|x64.Build.0 = Release|x64
		{31900981-02D9-4CE0-93C8-2C7E7662F8C2}.Release|x86.ActiveCfg = Release|Win32
		{31900981-02D9-4CE0-93C8-2C7E7662F8C2}.Release|x86.Build.0 = Release|Win32
	EndGlobalSection
	GlobalSection(SolutionProperties) = preSolution
		HideSolutionNode = FALSE
	EndGlobalSection
	GlobalSection(ExtensibilityGlobals) = postSolution
		SolutionGuid = {9BC32E50-51ED-4F7E-9469-693102B6BB47}
	EndGlobalSection
EndGlobal
